
Microsoft Visual Studio Solution File, Format Version 12.00
# Visual Studio Version 17
VisualStudioVersion = 17.10.34916.146
MinimumVisualStudioVersion = 10.0.40219.1
Project("{FAE04EC0-301F-11D3-BF4B-00C04F79EFBC}") = "agradecalculator", "agradecalculator.csproj", "{BD6FF293-C013-482C-AE68-C0E421349845}"
EndProject
Global
	GlobalSection(SolutionConfigurationPlatforms) = preSolution
		Debug|Any CPU = Debug|Any CPU
		Release|Any CPU = Release|Any CPU
	EndGlobalSection
	GlobalSection(ProjectConfigurationPlatforms) = postSolution
		{BD6FF293-C013-482C-AE68-C0E421349845}.Debug|Any CPU.ActiveCfg = Debug|Any CPU
		{BD6FF293-C013-482C-AE68-C0E421349845}.Debug|Any CPU.Build.0 = Debug|Any CPU
		{BD6FF293-C013-482C-AE68-C0E421349845}.Release|Any CPU.ActiveCfg = Release|Any CPU
		{BD6FF293-C013-482C-AE68-C0E421349845}.Release|Any CPU.Build.0 = Release|Any CPU
	EndGlobalSection
	GlobalSection(SolutionProperties) = preSolution
		HideSolutionNode = FALSE
	EndGlobalSection
	GlobalSection(ExtensibilityGlobals) = postSolution
		SolutionGuid = {1EAF67C7-292C-4E9E-9A3D-8E9422B2BD3C}
	EndGlobalSection
EndGlobal
